<?xml version="1.0" encoding="utf-8"?>
<Project ToolsVersion="16.0" xmlns="http://schemas.microsoft.com/developer/msbuild/2003">
  <ItemGroup>
    <CustomBuild Include="C:\Bullet3\CMakeFiles\431c6596623a20b989a9905f3d439530\RUN_TESTS_force.rule">
      <Filter>CMake Rules</Filter>
    </CustomBuild>
  </ItemGroup>
  <ItemGroup>
    <Filter Include="CMake Rules">
      <UniqueIdentifier>{75AA9969-03DF-3A85-9FD1-79DD71432E43}</UniqueIdentifier>
    </Filter>
  </ItemGroup>
</Project>
